// !$*UTF8*$!
{
	archiveVersion = 1;
	classes = {
	};
	objectVersion = 50;
	objects = {

/* Begin PBXBuildFile section */
		28A7D8EE40D623FFC2BD5CF1 /* libPods-MVPBaseUITests.a in Frameworks */ = {isa = PBXBuildFile; fileRef = B9D6F1E00746F419F8361EC2 /* libPods-MVPBaseUITests.a */; };
		8BE3FB37DABE5AB50D0874A3 /* libPods-MVPBaseTests.a in Frameworks */ = {isa = PBXBuildFile; fileRef = 29FC84906C89DDE288CE77EF /* libPods-MVPBaseTests.a */; };
		C005A333CDDE91EC25077012 /* libPods-MVPBase.a in Frameworks */ = {isa = PBXBuildFile; fileRef = 3834C6373D63E872087E021E /* libPods-MVPBase.a */; };
		F728987021C4B57D00102694 /* MVPBaseTests.m in Sources */ = {isa = PBXBuildFile; fileRef = F728986F21C4B57D00102694 /* MVPBaseTests.m */; };
		F728987B21C4B57D00102694 /* MVPBaseUITests.m in Sources */ = {isa = PBXBuildFile; fileRef = F728987A21C4B57D00102694 /* MVPBaseUITests.m */; };
		F728989121C4B5CA00102694 /* Assets.xcassets in Resources */ = {isa = PBXBuildFile; fileRef = F728988A21C4B5CA00102694 /* Assets.xcassets */; };
		F728989321C4B5CA00102694 /* Main.storyboard in Resources */ = {isa = PBXBuildFile; fileRef = F728988D21C4B5CA00102694 /* Main.storyboard */; };
		F728989421C4B5CA00102694 /* main.m in Sources */ = {isa = PBXBuildFile; fileRef = F728988F21C4B5CA00102694 /* main.m */; };
		F728989521C4B5CA00102694 /* AppDelegate.m in Sources */ = {isa = PBXBuildFile; fileRef = F728989021C4B5CA00102694 /* AppDelegate.m */; };
		F72898BD21C4D84500102694 /* BasePresenter.m in Sources */ = {isa = PBXBuildFile; fileRef = F72898B821C4D84500102694 /* BasePresenter.m */; };
		F72898C221C4D89000102694 /* NetworkManager.m in Sources */ = {isa = PBXBuildFile; fileRef = F72898C121C4D89000102694 /* NetworkManager.m */; };
		F72898C621C527E500102694 /* BaseModel.m in Sources */ = {isa = PBXBuildFile; fileRef = F72898C521C527E500102694 /* BaseModel.m */; };
		F72898CB21C52F8400102694 /* Launch Screen.storyboard in Resources */ = {isa = PBXBuildFile; fileRef = F72898CA21C52F8400102694 /* Launch Screen.storyboard */; };
		F72898D421C5474B00102694 /* BaseViewController.m in Sources */ = {isa = PBXBuildFile; fileRef = F72898D321C5474B00102694 /* BaseViewController.m */; };
		F72FBE8D21C6313D0076386E /* GYYXIAPManager.m in Sources */ = {isa = PBXBuildFile; fileRef = F72FBE8C21C6313D0076386E /* GYYXIAPManager.m */; };
		F72FBE9021C655A90076386E /* MVPWebView.m in Sources */ = {isa = PBXBuildFile; fileRef = F72FBE8F21C655A90076386E /* MVPWebView.m */; };
		F72FBE9421C67B610076386E /* JavaScriptBridge.m in Sources */ = {isa = PBXBuildFile; fileRef = F72FBE9321C67B610076386E /* JavaScriptBridge.m */; };
/* End PBXBuildFile section */

/* Begin PBXContainerItemProxy section */
		F728986C21C4B57D00102694 /* PBXContainerItemProxy */ = {
			isa = PBXContainerItemProxy;
			containerPortal = F728984B21C4B57B00102694 /* Project object */;
			proxyType = 1;
			remoteGlobalIDString = F728985221C4B57C00102694;
			remoteInfo = MVPBase;
		};
		F728987721C4B57D00102694 /* PBXContainerItemProxy */ = {
			isa = PBXContainerItemProxy;
			containerPortal = F728984B21C4B57B00102694 /* Project object */;
			proxyType = 1;
			remoteGlobalIDString = F728985221C4B57C00102694;
			remoteInfo = MVPBase;
		};
/* End PBXContainerItemProxy section */

/* Begin PBXFileReference section */
		1334F2AA330340C098499090 /* Pods-MVPBase.debug.xcconfig */ = {isa = PBXFileReference; includeInIndex = 1; lastKnownFileType = text.xcconfig; name = "Pods-MVPBase.debug.xcconfig"; path = "Pods/Target Support Files/Pods-MVPBase/Pods-MVPBase.debug.xcconfig"; sourceTree = "<group>"; };
		29FC84906C89DDE288CE77EF /* libPods-MVPBaseTests.a */ = {isa = PBXFileReference; explicitFileType = archive.ar; includeInIndex = 0; path = "libPods-MVPBaseTests.a"; sourceTree = BUILT_PRODUCTS_DIR; };
		3834C6373D63E872087E021E /* libPods-MVPBase.a */ = {isa = PBXFileReference; explicitFileType = archive.ar; includeInIndex = 0; path = "libPods-MVPBase.a"; sourceTree = BUILT_PRODUCTS_DIR; };
		49C0CF4EEAF318D06488400B /* Pods-MVPBaseTests.debug.xcconfig */ = {isa = PBXFileReference; includeInIndex = 1; lastKnownFileType = text.xcconfig; name = "Pods-MVPBaseTests.debug.xcconfig"; path = "Pods/Target Support Files/Pods-MVPBaseTests/Pods-MVPBaseTests.debug.xcconfig"; sourceTree = "<group>"; };
		ADAAC9A5BE28BB8B4F4B502A /* Pods-MVPBaseUITests.release.xcconfig */ = {isa = PBXFileReference; includeInIndex = 1; lastKnownFileType = text.xcconfig; name = "Pods-MVPBaseUITests.release.xcconfig"; path = "Pods/Target Support Files/Pods-MVPBaseUITests/Pods-MVPBaseUITests.release.xcconfig"; sourceTree = "<group>"; };
		B302CBAFBA262E5251EFAC26 /* Pods-MVPBase.release.xcconfig */ = {isa = PBXFileReference; includeInIndex = 1; lastKnownFileType = text.xcconfig; name = "Pods-MVPBase.release.xcconfig"; path = "Pods/Target Support Files/Pods-MVPBase/Pods-MVPBase.release.xcconfig"; sourceTree = "<group>"; };
		B9D6F1E00746F419F8361EC2 /* libPods-MVPBaseUITests.a */ = {isa = PBXFileReference; explicitFileType = archive.ar; includeInIndex = 0; path = "libPods-MVPBaseUITests.a"; sourceTree = BUILT_PRODUCTS_DIR; };
		DFD6ECAC2518B73FA24DAB24 /* Pods-MVPBaseUITests.debug.xcconfig */ = {isa = PBXFileReference; includeInIndex = 1; lastKnownFileType = text.xcconfig; name = "Pods-MVPBaseUITests.debug.xcconfig"; path = "Pods/Target Support Files/Pods-MVPBaseUITests/Pods-MVPBaseUITests.debug.xcconfig"; sourceTree = "<group>"; };
		E53BB8BF2F2840C30DD92590 /* Pods-MVPBaseTests.release.xcconfig */ = {isa = PBXFileReference; includeInIndex = 1; lastKnownFileType = text.xcconfig; name = "Pods-MVPBaseTests.release.xcconfig"; path = "Pods/Target Support Files/Pods-MVPBaseTests/Pods-MVPBaseTests.release.xcconfig"; sourceTree = "<group>"; };
		F728985321C4B57C00102694 /* MVPBase.app */ = {isa = PBXFileReference; explicitFileType = wrapper.application; includeInIndex = 0; path = MVPBase.app; sourceTree = BUILT_PRODUCTS_DIR; };
		F728986421C4B57D00102694 /* Info.plist */ = {isa = PBXFileReference; lastKnownFileType = text.plist.xml; path = Info.plist; sourceTree = "<group>"; };
		F728986B21C4B57D00102694 /* MVPBaseTests.xctest */ = {isa = PBXFileReference; explicitFileType = wrapper.cfbundle; includeInIndex = 0; path = MVPBaseTests.xctest; sourceTree = BUILT_PRODUCTS_DIR; };
		F728986F21C4B57D00102694 /* MVPBaseTests.m */ = {isa = PBXFileReference; lastKnownFileType = sourcecode.c.objc; path = MVPBaseTests.m; sourceTree = "<group>"; };
		F728987121C4B57D00102694 /* Info.plist */ = {isa = PBXFileReference; lastKnownFileType = text.plist.xml; path = Info.plist; sourceTree = "<group>"; };
		F728987621C4B57D00102694 /* MVPBaseUITests.xctest */ = {isa = PBXFileReference; explicitFileType = wrapper.cfbundle; includeInIndex = 0; path = MVPBaseUITests.xctest; sourceTree = BUILT_PRODUCTS_DIR; };
		F728987A21C4B57D00102694 /* MVPBaseUITests.m */ = {isa = PBXFileReference; lastKnownFileType = sourcecode.c.objc; path = MVPBaseUITests.m; sourceTree = "<group>"; };
		F728987C21C4B57D00102694 /* Info.plist */ = {isa = PBXFileReference; lastKnownFileType = text.plist.xml; path = Info.plist; sourceTree = "<group>"; };
		F728988921C4B5CA00102694 /* AppDelegate.h */ = {isa = PBXFileReference; fileEncoding = 4; lastKnownFileType = sourcecode.c.h; path = AppDelegate.h; sourceTree = "<group>"; };
		F728988A21C4B5CA00102694 /* Assets.xcassets */ = {isa = PBXFileReference; lastKnownFileType = folder.assetcatalog; path = Assets.xcassets; sourceTree = "<group>"; };
		F728988E21C4B5CA00102694 /* Base */ = {isa = PBXFileReference; lastKnownFileType = file.storyboard; name = Base; path = Base.lproj/Main.storyboard; sourceTree = "<group>"; };
		F728988F21C4B5CA00102694 /* main.m */ = {isa = PBXFileReference; fileEncoding = 4; lastKnownFileType = sourcecode.c.objc; path = main.m; sourceTree = "<group>"; };
		F728989021C4B5CA00102694 /* AppDelegate.m */ = {isa = PBXFileReference; fileEncoding = 4; lastKnownFileType = sourcecode.c.objc; path = AppDelegate.m; sourceTree = "<group>"; };
		F728989721C4B68F00102694 /* PrefixHeader.pch */ = {isa = PBXFileReference; lastKnownFileType = sourcecode.c.h; path = PrefixHeader.pch; sourceTree = "<group>"; };
		F728989A21C4BACD00102694 /* SingleTonDefine.h */ = {isa = PBXFileReference; lastKnownFileType = sourcecode.c.h; path = SingleTonDefine.h; sourceTree = "<group>"; };
		F72898B621C4D84500102694 /* BasePresenter.h */ = {isa = PBXFileReference; fileEncoding = 4; lastKnownFileType = sourcecode.c.h; path = BasePresenter.h; sourceTree = "<group>"; };
		F72898B821C4D84500102694 /* BasePresenter.m */ = {isa = PBXFileReference; fileEncoding = 4; lastKnownFileType = sourcecode.c.objc; path = BasePresenter.m; sourceTree = "<group>"; };
		F72898C021C4D89000102694 /* NetworkManager.h */ = {isa = PBXFileReference; lastKnownFileType = sourcecode.c.h; path = NetworkManager.h; sourceTree = "<group>"; };
		F72898C121C4D89000102694 /* NetworkManager.m */ = {isa = PBXFileReference; lastKnownFileType = sourcecode.c.objc; path = NetworkManager.m; sourceTree = "<group>"; };
		F72898C321C4DA7300102694 /* BlockType.h */ = {isa = PBXFileReference; lastKnownFileType = sourcecode.c.h; path = BlockType.h; sourceTree = "<group>"; };
		F72898C421C527E500102694 /* BaseModel.h */ = {isa = PBXFileReference; lastKnownFileType = sourcecode.c.h; path = BaseModel.h; sourceTree = "<group>"; };
		F72898C521C527E500102694 /* BaseModel.m */ = {isa = PBXFileReference; lastKnownFileType = sourcecode.c.objc; path = BaseModel.m; sourceTree = "<group>"; };
		F72898CA21C52F8400102694 /* Launch Screen.storyboard */ = {isa = PBXFileReference; lastKnownFileType = file.storyboard; path = "Launch Screen.storyboard"; sourceTree = "<group>"; };
		F72898D221C5474B00102694 /* BaseViewController.h */ = {isa = PBXFileReference; lastKnownFileType = sourcecode.c.h; path = BaseViewController.h; sourceTree = "<group>"; };
		F72898D321C5474B00102694 /* BaseViewController.m */ = {isa = PBXFileReference; lastKnownFileType = sourcecode.c.objc; path = BaseViewController.m; sourceTree = "<group>"; };
		F72FBE8B21C6313D0076386E /* GYYXIAPManager.h */ = {isa = PBXFileReference; lastKnownFileType = sourcecode.c.h; path = GYYXIAPManager.h; sourceTree = "<group>"; };
		F72FBE8C21C6313D0076386E /* GYYXIAPManager.m */ = {isa = PBXFileReference; lastKnownFileType = sourcecode.c.objc; path = GYYXIAPManager.m; sourceTree = "<group>"; };
		F72FBE8E21C655A90076386E /* MVPWebView.h */ = {isa = PBXFileReference; lastKnownFileType = sourcecode.c.h; path = MVPWebView.h; sourceTree = "<group>"; };
		F72FBE8F21C655A90076386E /* MVPWebView.m */ = {isa = PBXFileReference; lastKnownFileType = sourcecode.c.objc; path = MVPWebView.m; sourceTree = "<group>"; };
		F72FBE9221C67B610076386E /* JavaScriptBridge.h */ = {isa = PBXFileReference; lastKnownFileType = sourcecode.c.h; path = JavaScriptBridge.h; sourceTree = "<group>"; };
		F72FBE9321C67B610076386E /* JavaScriptBridge.m */ = {isa = PBXFileReference; lastKnownFileType = sourcecode.c.objc; path = JavaScriptBridge.m; sourceTree = "<group>"; };
/* End PBXFileReference section */

/* Begin PBXFrameworksBuildPhase section */
		F728985021C4B57C00102694 /* Frameworks */ = {
			isa = PBXFrameworksBuildPhase;
			buildActionMask = 2147483647;
			files = (
				C005A333CDDE91EC25077012 /* libPods-MVPBase.a in Frameworks */,
			);
			runOnlyForDeploymentPostprocessing = 0;
		};
		F728986821C4B57D00102694 /* Frameworks */ = {
			isa = PBXFrameworksBuildPhase;
			buildActionMask = 2147483647;
			files = (
				8BE3FB37DABE5AB50D0874A3 /* libPods-MVPBaseTests.a in Frameworks */,
			);
			runOnlyForDeploymentPostprocessing = 0;
		};
		F728987321C4B57D00102694 /* Frameworks */ = {
			isa = PBXFrameworksBuildPhase;
			buildActionMask = 2147483647;
			files = (
				28A7D8EE40D623FFC2BD5CF1 /* libPods-MVPBaseUITests.a in Frameworks */,
			);
			runOnlyForDeploymentPostprocessing = 0;
		};
/* End PBXFrameworksBuildPhase section */

/* Begin PBXGroup section */
		20E12EBE772948E143B1A35E /* Pods */ = {
			isa = PBXGroup;
			children = (
				1334F2AA330340C098499090 /* Pods-MVPBase.debug.xcconfig */,
				B302CBAFBA262E5251EFAC26 /* Pods-MVPBase.release.xcconfig */,
				49C0CF4EEAF318D06488400B /* Pods-MVPBaseTests.debug.xcconfig */,
				E53BB8BF2F2840C30DD92590 /* Pods-MVPBaseTests.release.xcconfig */,
				DFD6ECAC2518B73FA24DAB24 /* Pods-MVPBaseUITests.debug.xcconfig */,
				ADAAC9A5BE28BB8B4F4B502A /* Pods-MVPBaseUITests.release.xcconfig */,
			);
			name = Pods;
			sourceTree = "<group>";
		};
		C1F35E74D9FAE2FF0BE70016 /* Frameworks */ = {
			isa = PBXGroup;
			children = (
				3834C6373D63E872087E021E /* libPods-MVPBase.a */,
				29FC84906C89DDE288CE77EF /* libPods-MVPBaseTests.a */,
				B9D6F1E00746F419F8361EC2 /* libPods-MVPBaseUITests.a */,
			);
			name = Frameworks;
			sourceTree = "<group>";
		};
		F728984A21C4B57B00102694 = {
			isa = PBXGroup;
			children = (
				F728985521C4B57C00102694 /* MVPBase */,
				F728986E21C4B57D00102694 /* MVPBaseTests */,
				F728987921C4B57D00102694 /* MVPBaseUITests */,
				F728985421C4B57C00102694 /* Products */,
				20E12EBE772948E143B1A35E /* Pods */,
				C1F35E74D9FAE2FF0BE70016 /* Frameworks */,
			);
			sourceTree = "<group>";
		};
		F728985421C4B57C00102694 /* Products */ = {
			isa = PBXGroup;
			children = (
				F728985321C4B57C00102694 /* MVPBase.app */,
				F728986B21C4B57D00102694 /* MVPBaseTests.xctest */,
				F728987621C4B57D00102694 /* MVPBaseUITests.xctest */,
			);
			name = Products;
			sourceTree = "<group>";
		};
		F728985521C4B57C00102694 /* MVPBase */ = {
			isa = PBXGroup;
			children = (
				F72FBE9121C67B340076386E /* JSBridge */,
				F72FBE8A21C631220076386E /* IAP */,
				F72898BF21C4D85C00102694 /* Net */,
				F72898B421C4D84500102694 /* Presenter */,
				F72898B221C4D84500102694 /* Model */,
				F72898B321C4D84500102694 /* View */,
				F72898B921C4D84500102694 /* ViewController */,
				F728988821C4B5CA00102694 /* SupportingFiles */,
			);
			path = MVPBase;
			sourceTree = "<group>";
		};
		F728986E21C4B57D00102694 /* MVPBaseTests */ = {
			isa = PBXGroup;
			children = (
				F728986F21C4B57D00102694 /* MVPBaseTests.m */,
				F728987121C4B57D00102694 /* Info.plist */,
			);
			path = MVPBaseTests;
			sourceTree = "<group>";
		};
		F728987921C4B57D00102694 /* MVPBaseUITests */ = {
			isa = PBXGroup;
			children = (
				F728987A21C4B57D00102694 /* MVPBaseUITests.m */,
				F728987C21C4B57D00102694 /* Info.plist */,
			);
			path = MVPBaseUITests;
			sourceTree = "<group>";
		};
		F728988821C4B5CA00102694 /* SupportingFiles */ = {
			isa = PBXGroup;
			children = (
				F728989621C4B60400102694 /* Config */,
				F728986421C4B57D00102694 /* Info.plist */,
				F728988921C4B5CA00102694 /* AppDelegate.h */,
				F728989021C4B5CA00102694 /* AppDelegate.m */,
				F728988F21C4B5CA00102694 /* main.m */,
				F728988A21C4B5CA00102694 /* Assets.xcassets */,
				F72898CA21C52F8400102694 /* Launch Screen.storyboard */,
				F728988D21C4B5CA00102694 /* Main.storyboard */,
			);
			path = SupportingFiles;
			sourceTree = "<group>";
		};
		F728989621C4B60400102694 /* Config */ = {
			isa = PBXGroup;
			children = (
				F728989721C4B68F00102694 /* PrefixHeader.pch */,
				F728989A21C4BACD00102694 /* SingleTonDefine.h */,
				F72898C321C4DA7300102694 /* BlockType.h */,
			);
			path = Config;
			sourceTree = "<group>";
		};
		F72898B221C4D84500102694 /* Model */ = {
			isa = PBXGroup;
			children = (
				F72898C421C527E500102694 /* BaseModel.h */,
				F72898C521C527E500102694 /* BaseModel.m */,
			);
			path = Model;
			sourceTree = "<group>";
		};
		F72898B321C4D84500102694 /* View */ = {
			isa = PBXGroup;
			children = (
				F72FBE8E21C655A90076386E /* MVPWebView.h */,
				F72FBE8F21C655A90076386E /* MVPWebView.m */,
			);
			path = View;
			sourceTree = "<group>";
		};
		F72898B421C4D84500102694 /* Presenter */ = {
			isa = PBXGroup;
			children = (
				F72898B621C4D84500102694 /* BasePresenter.h */,
				F72898B821C4D84500102694 /* BasePresenter.m */,
			);
			path = Presenter;
			sourceTree = "<group>";
		};
		F72898B921C4D84500102694 /* ViewController */ = {
			isa = PBXGroup;
			children = (
				F72898D221C5474B00102694 /* BaseViewController.h */,
				F72898D321C5474B00102694 /* BaseViewController.m */,
			);
			path = ViewController;
			sourceTree = "<group>";
		};
		F72898BF21C4D85C00102694 /* Net */ = {
			isa = PBXGroup;
			children = (
				F72898C021C4D89000102694 /* NetworkManager.h */,
				F72898C121C4D89000102694 /* NetworkManager.m */,
			);
			path = Net;
			sourceTree = "<group>";
		};
		F72FBE8A21C631220076386E /* IAP */ = {
			isa = PBXGroup;
			children = (
				F72FBE8B21C6313D0076386E /* GYYXIAPManager.h */,
				F72FBE8C21C6313D0076386E /* GYYXIAPManager.m */,
			);
			path = IAP;
			sourceTree = "<group>";
		};
		F72FBE9121C67B340076386E /* JSBridge */ = {
			isa = PBXGroup;
			children = (
				F72FBE9221C67B610076386E /* JavaScriptBridge.h */,
				F72FBE9321C67B610076386E /* JavaScriptBridge.m */,
			);
			path = JSBridge;
			sourceTree = "<group>";
		};
/* End PBXGroup section */

/* Begin PBXNativeTarget section */
		F728985221C4B57C00102694 /* MVPBase */ = {
			isa = PBXNativeTarget;
			buildConfigurationList = F728987F21C4B57D00102694 /* Build configuration list for PBXNativeTarget "MVPBase" */;
			buildPhases = (
				ED3E0EF25978529939AAF01A /* [CP] Check Pods Manifest.lock */,
				F728984F21C4B57C00102694 /* Sources */,
				F728985021C4B57C00102694 /* Frameworks */,
				F728985121C4B57C00102694 /* Resources */,
				29334D11803D43393129EFA5 /* [CP] Embed Pods Frameworks */,
				2D3C6D04BE857AFB18A98C28 /* [CP] Copy Pods Resources */,
			);
			buildRules = (
			);
			dependencies = (
			);
			name = MVPBase;
			productName = MVPBase;
			productReference = F728985321C4B57C00102694 /* MVPBase.app */;
			productType = "com.apple.product-type.application";
		};
		F728986A21C4B57D00102694 /* MVPBaseTests */ = {
			isa = PBXNativeTarget;
			buildConfigurationList = F728988221C4B57D00102694 /* Build configuration list for PBXNativeTarget "MVPBaseTests" */;
			buildPhases = (
				0C40B4BD0C52AE1DCA54F3C1 /* [CP] Check Pods Manifest.lock */,
				F728986721C4B57D00102694 /* Sources */,
				F728986821C4B57D00102694 /* Frameworks */,
				F728986921C4B57D00102694 /* Resources */,
				E1A464EC99A1F2D4C0047C11 /* [CP] Embed Pods Frameworks */,
				7A9D4933F0CC790C9D1320F7 /* [CP] Copy Pods Resources */,
			);
			buildRules = (
			);
			dependencies = (
				F728986D21C4B57D00102694 /* PBXTargetDependency */,
			);
			name = MVPBaseTests;
			productName = MVPBaseTests;
			productReference = F728986B21C4B57D00102694 /* MVPBaseTests.xctest */;
			productType = "com.apple.product-type.bundle.unit-test";
		};
		F728987521C4B57D00102694 /* MVPBaseUITests */ = {
			isa = PBXNativeTarget;
			buildConfigurationList = F728988521C4B57D00102694 /* Build configuration list for PBXNativeTarget "MVPBaseUITests" */;
			buildPhases = (
				D88AC49E581728EE7607DAAC /* [CP] Check Pods Manifest.lock */,
				F728987221C4B57D00102694 /* Sources */,
				F728987321C4B57D00102694 /* Frameworks */,
				F728987421C4B57D00102694 /* Resources */,
				D53F2F9065576FD4B85B8D0F /* [CP] Embed Pods Frameworks */,
				13F7016B67735EE61FBF0000 /* [CP] Copy Pods Resources */,
			);
			buildRules = (
			);
			dependencies = (
				F728987821C4B57D00102694 /* PBXTargetDependency */,
			);
			name = MVPBaseUITests;
			productName = MVPBaseUITests;
			productReference = F728987621C4B57D00102694 /* MVPBaseUITests.xctest */;
			productType = "com.apple.product-type.bundle.ui-testing";
		};
/* End PBXNativeTarget section */

/* Begin PBXProject section */
		F728984B21C4B57B00102694 /* Project object */ = {
			isa = PBXProject;
			attributes = {
				LastUpgradeCheck = 1010;
				ORGANIZATIONNAME = ShenYj;
				TargetAttributes = {
					F728985221C4B57C00102694 = {
						CreatedOnToolsVersion = 10.1;
					};
					F728986A21C4B57D00102694 = {
						CreatedOnToolsVersion = 10.1;
						TestTargetID = F728985221C4B57C00102694;
					};
					F728987521C4B57D00102694 = {
						CreatedOnToolsVersion = 10.1;
						TestTargetID = F728985221C4B57C00102694;
					};
				};
			};
			buildConfigurationList = F728984E21C4B57B00102694 /* Build configuration list for PBXProject "MVPBase" */;
			compatibilityVersion = "Xcode 9.3";
			developmentRegion = en;
			hasScannedForEncodings = 0;
			knownRegions = (
				en,
				Base,
			);
			mainGroup = F728984A21C4B57B00102694;
			productRefGroup = F728985421C4B57C00102694 /* Products */;
			projectDirPath = "";
			projectRoot = "";
			targets = (
				F728985221C4B57C00102694 /* MVPBase */,
				F728986A21C4B57D00102694 /* MVPBaseTests */,
				F728987521C4B57D00102694 /* MVPBaseUITests */,
			);
		};
/* End PBXProject section */

/* Begin PBXResourcesBuildPhase section */
		F728985121C4B57C00102694 /* Resources */ = {
			isa = PBXResourcesBuildPhase;
			buildActionMask = 2147483647;
			files = (
				F72898CB21C52F8400102694 /* Launch Screen.storyboard in Resources */,
				F728989321C4B5CA00102694 /* Main.storyboard in Resources */,
				F728989121C4B5CA00102694 /* Assets.xcassets in Resources */,
			);
			runOnlyForDeploymentPostprocessing = 0;
		};
		F728986921C4B57D00102694 /* Resources */ = {
			isa = PBXResourcesBuildPhase;
			buildActionMask = 2147483647;
			files = (
			);
			runOnlyForDeploymentPostprocessing = 0;
		};
		F728987421C4B57D00102694 /* Resources */ = {
			isa = PBXResourcesBuildPhase;
			buildActionMask = 2147483647;
			files = (
			);
			runOnlyForDeploymentPostprocessing = 0;
		};
/* End PBXResourcesBuildPhase section */

/* Begin PBXShellScriptBuildPhase section */
		0C40B4BD0C52AE1DCA54F3C1 /* [CP] Check Pods Manifest.lock */ = {
			isa = PBXShellScriptBuildPhase;
			buildActionMask = 2147483647;
			files = (
			);
			inputPaths = (
				"${PODS_PODFILE_DIR_PATH}/Podfile.lock",
				"${PODS_ROOT}/Manifest.lock",
			);
			name = "[CP] Check Pods Manifest.lock";
			outputPaths = (
				"$(DERIVED_FILE_DIR)/Pods-MVPBaseTests-checkManifestLockResult.txt",
			);
			runOnlyForDeploymentPostprocessing = 0;
			shellPath = /bin/sh;
			shellScript = "diff \"${PODS_PODFILE_DIR_PATH}/Podfile.lock\" \"${PODS_ROOT}/Manifest.lock\" > /dev/null\nif [ $? != 0 ] ; then\n    # print error to STDERR\n    echo \"error: The sandbox is not in sync with the Podfile.lock. Run 'pod install' or update your CocoaPods installation.\" >&2\n    exit 1\nfi\n# This output is used by Xcode 'outputs' to avoid re-running this script phase.\necho \"SUCCESS\" > \"${SCRIPT_OUTPUT_FILE_0}\"\n";
			showEnvVarsInLog = 0;
		};
		13F7016B67735EE61FBF0000 /* [CP] Copy Pods Resources */ = {
			isa = PBXShellScriptBuildPhase;
			buildActionMask = 2147483647;
			files = (
			);
			inputPaths = (
			);
			name = "[CP] Copy Pods Resources";
			outputPaths = (
			);
			runOnlyForDeploymentPostprocessing = 0;
			shellPath = /bin/sh;
			shellScript = "\"${SRCROOT}/Pods/Target Support Files/Pods-MVPBaseUITests/Pods-MVPBaseUITests-resources.sh\"\n";
			showEnvVarsInLog = 0;
		};
		29334D11803D43393129EFA5 /* [CP] Embed Pods Frameworks */ = {
			isa = PBXShellScriptBuildPhase;
			buildActionMask = 2147483647;
			files = (
			);
			inputPaths = (
			);
			name = "[CP] Embed Pods Frameworks";
			outputPaths = (
			);
			runOnlyForDeploymentPostprocessing = 0;
			shellPath = /bin/sh;
			shellScript = "\"${SRCROOT}/Pods/Target Support Files/Pods-MVPBase/Pods-MVPBase-frameworks.sh\"\n";
			showEnvVarsInLog = 0;
		};
		2D3C6D04BE857AFB18A98C28 /* [CP] Copy Pods Resources */ = {
			isa = PBXShellScriptBuildPhase;
			buildActionMask = 2147483647;
			files = (
			);
			inputPaths = (
			);
			name = "[CP] Copy Pods Resources";
			outputPaths = (
			);
			runOnlyForDeploymentPostprocessing = 0;
			shellPath = /bin/sh;
			shellScript = "\"${SRCROOT}/Pods/Target Support Files/Pods-MVPBase/Pods-MVPBase-resources.sh\"\n";
			showEnvVarsInLog = 0;
		};
		7A9D4933F0CC790C9D1320F7 /* [CP] Copy Pods Resources */ = {
			isa = PBXShellScriptBuildPhase;
			buildActionMask = 2147483647;
			files = (
			);
			inputPaths = (
			);
			name = "[CP] Copy Pods Resources";
			outputPaths = (
			);
			runOnlyForDeploymentPostprocessing = 0;
			shellPath = /bin/sh;
			shellScript = "\"${SRCROOT}/Pods/Target Support Files/Pods-MVPBaseTests/Pods-MVPBaseTests-resources.sh\"\n";
			showEnvVarsInLog = 0;
		};
		D53F2F9065576FD4B85B8D0F /* [CP] Embed Pods Frameworks */ = {
			isa = PBXShellScriptBuildPhase;
			buildActionMask = 2147483647;
			files = (
			);
			inputPaths = (
			);
			name = "[CP] Embed Pods Frameworks";
			outputPaths = (
			);
			runOnlyForDeploymentPostprocessing = 0;
			shellPath = /bin/sh;
			shellScript = "\"${SRCROOT}/Pods/Target Support Files/Pods-MVPBaseUITests/Pods-MVPBaseUITests-frameworks.sh\"\n";
			showEnvVarsInLog = 0;
		};
		D88AC49E581728EE7607DAAC /* [CP] Check Pods Manifest.lock */ = {
			isa = PBXShellScriptBuildPhase;
			buildActionMask = 2147483647;
			files = (
			);
			inputPaths = (
				"${PODS_PODFILE_DIR_PATH}/Podfile.lock",
				"${PODS_ROOT}/Manifest.lock",
			);
			name = "[CP] Check Pods Manifest.lock";
			outputPaths = (
				"$(DERIVED_FILE_DIR)/Pods-MVPBaseUITests-checkManifestLockResult.txt",
			);
			runOnlyForDeploymentPostprocessing = 0;
			shellPath = /bin/sh;
			shellScript = "diff \"${PODS_PODFILE_DIR_PATH}/Podfile.lock\" \"${PODS_ROOT}/Manifest.lock\" > /dev/null\nif [ $? != 0 ] ; then\n    # print error to STDERR\n    echo \"error: The sandbox is not in sync with the Podfile.lock. Run 'pod install' or update your CocoaPods installation.\" >&2\n    exit 1\nfi\n# This output is used by Xcode 'outputs' to avoid re-running this script phase.\necho \"SUCCESS\" > \"${SCRIPT_OUTPUT_FILE_0}\"\n";
			showEnvVarsInLog = 0;
		};
		E1A464EC99A1F2D4C0047C11 /* [CP] Embed Pods Frameworks */ = {
			isa = PBXShellScriptBuildPhase;
			buildActionMask = 2147483647;
			files = (
			);
			inputPaths = (
			);
			name = "[CP] Embed Pods Frameworks";
			outputPaths = (
			);
			runOnlyForDeploymentPostprocessing = 0;
			shellPath = /bin/sh;
			shellScript = "\"${SRCROOT}/Pods/Target Support Files/Pods-MVPBaseTests/Pods-MVPBaseTests-frameworks.sh\"\n";
			showEnvVarsInLog = 0;
		};
		ED3E0EF25978529939AAF01A /* [CP] Check Pods Manifest.lock */ = {
			isa = PBXShellScriptBuildPhase;
			buildActionMask = 2147483647;
			files = (
			);
			inputPaths = (
				"${PODS_PODFILE_DIR_PATH}/Podfile.lock",
				"${PODS_ROOT}/Manifest.lock",
			);
			name = "[CP] Check Pods Manifest.lock";
			outputPaths = (
				"$(DERIVED_FILE_DIR)/Pods-MVPBase-checkManifestLockResult.txt",
			);
			runOnlyForDeploymentPostprocessing = 0;
			shellPath = /bin/sh;
			shellScript = "diff \"${PODS_PODFILE_DIR_PATH}/Podfile.lock\" \"${PODS_ROOT}/Manifest.lock\" > /dev/null\nif [ $? != 0 ] ; then\n    # print error to STDERR\n    echo \"error: The sandbox is not in sync with the Podfile.lock. Run 'pod install' or update your CocoaPods installation.\" >&2\n    exit 1\nfi\n# This output is used by Xcode 'outputs' to avoid re-running this script phase.\necho \"SUCCESS\" > \"${SCRIPT_OUTPUT_FILE_0}\"\n";
			showEnvVarsInLog = 0;
		};
/* End PBXShellScriptBuildPhase section */

/* Begin PBXSourcesBuildPhase section */
		F728984F21C4B57C00102694 /* Sources */ = {
			isa = PBXSourcesBuildPhase;
			buildActionMask = 2147483647;
			files = (
				F728989521C4B5CA00102694 /* AppDelegate.m in Sources */,
				F72FBE8D21C6313D0076386E /* GYYXIAPManager.m in Sources */,
				F72898D421C5474B00102694 /* BaseViewController.m in Sources */,
				F72FBE9021C655A90076386E /* MVPWebView.m in Sources */,
				F72898BD21C4D84500102694 /* BasePresenter.m in Sources */,
				F72898C621C527E500102694 /* BaseModel.m in Sources */,
				F728989421C4B5CA00102694 /* main.m in Sources */,
				F72898C221C4D89000102694 /* NetworkManager.m in Sources */,
				F72FBE9421C67B610076386E /* JavaScriptBridge.m in Sources */,
			);
			runOnlyForDeploymentPostprocessing = 0;
		};
		F728986721C4B57D00102694 /* Sources */ = {
			isa = PBXSourcesBuildPhase;
			buildActionMask = 2147483647;
			files = (
				F728987021C4B57D00102694 /* MVPBaseTests.m in Sources */,
			);
			runOnlyForDeploymentPostprocessing = 0;
		};
		F728987221C4B57D00102694 /* Sources */ = {
			isa = PBXSourcesBuildPhase;
			buildActionMask = 2147483647;
			files = (
				F728987B21C4B57D00102694 /* MVPBaseUITests.m in Sources */,
			);
			runOnlyForDeploymentPostprocessing = 0;
		};
/* End PBXSourcesBuildPhase section */

/* Begin PBXTargetDependency section */
		F728986D21C4B57D00102694 /* PBXTargetDependency */ = {
			isa = PBXTargetDependency;
			target = F728985221C4B57C00102694 /* MVPBase */;
			targetProxy = F728986C21C4B57D00102694 /* PBXContainerItemProxy */;
		};
		F728987821C4B57D00102694 /* PBXTargetDependency */ = {
			isa = PBXTargetDependency;
			target = F728985221C4B57C00102694 /* MVPBase */;
			targetProxy = F728987721C4B57D00102694 /* PBXContainerItemProxy */;
		};
/* End PBXTargetDependency section */

/* Begin PBXVariantGroup section */
		F728988D21C4B5CA00102694 /* Main.storyboard */ = {
			isa = PBXVariantGroup;
			children = (
				F728988E21C4B5CA00102694 /* Base */,
			);
			name = Main.storyboard;
			sourceTree = "<group>";
		};
/* End PBXVariantGroup section */

/* Begin XCBuildConfiguration section */
		F728987D21C4B57D00102694 /* Debug */ = {
			isa = XCBuildConfiguration;
			buildSettings = {
				ALWAYS_SEARCH_USER_PATHS = NO;
				CLANG_ANALYZER_NONNULL = YES;
				CLANG_ANALYZER_NUMBER_OBJECT_CONVERSION = YES_AGGRESSIVE;
				CLANG_CXX_LANGUAGE_STANDARD = "gnu++14";
				CLANG_CXX_LIBRARY = "libc++";
				CLANG_ENABLE_MODULES = YES;
				CLANG_ENABLE_OBJC_ARC = YES;
				CLANG_ENABLE_OBJC_WEAK = YES;
				CLANG_WARN_BLOCK_CAPTURE_AUTORELEASING = YES;
				CLANG_WARN_BOOL_CONVERSION = YES;
				CLANG_WARN_COMMA = YES;
				CLANG_WARN_CONSTANT_CONVERSION = YES;
				CLANG_WARN_DEPRECATED_OBJC_IMPLEMENTATIONS = YES;
				CLANG_WARN_DIRECT_OBJC_ISA_USAGE = YES_ERROR;
				CLANG_WARN_DOCUMENTATION_COMMENTS = YES;
				CLANG_WARN_EMPTY_BODY = YES;
				CLANG_WARN_ENUM_CONVERSION = YES;
				CLANG_WARN_INFINITE_RECURSION = YES;
				CLANG_WARN_INT_CONVERSION = YES;
				CLANG_WARN_NON_LITERAL_NULL_CONVERSION = YES;
				CLANG_WARN_OBJC_IMPLICIT_RETAIN_SELF = YES;
				CLANG_WARN_OBJC_LITERAL_CONVERSION = YES;
				CLANG_WARN_OBJC_ROOT_CLASS = YES_ERROR;
				CLANG_WARN_RANGE_LOOP_ANALYSIS = YES;
				CLANG_WARN_STRICT_PROTOTYPES = YES;
				CLANG_WARN_SUSPICIOUS_MOVE = YES;
				CLANG_WARN_UNGUARDED_AVAILABILITY = YES_AGGRESSIVE;
				CLANG_WARN_UNREACHABLE_CODE = YES;
				CLANG_WARN__DUPLICATE_METHOD_MATCH = YES;
				CODE_SIGN_IDENTITY = "iPhone Developer";
				COPY_PHASE_STRIP = NO;
				DEBUG_INFORMATION_FORMAT = dwarf;
				ENABLE_STRICT_OBJC_MSGSEND = YES;
				ENABLE_TESTABILITY = YES;
				GCC_C_LANGUAGE_STANDARD = gnu11;
				GCC_DYNAMIC_NO_PIC = NO;
				GCC_NO_COMMON_BLOCKS = YES;
				GCC_OPTIMIZATION_LEVEL = 0;
				GCC_PREPROCESSOR_DEFINITIONS = (
					"DEBUG=1",
					"$(inherited)",
				);
				GCC_WARN_64_TO_32_BIT_CONVERSION = YES;
				GCC_WARN_ABOUT_RETURN_TYPE = YES_ERROR;
				GCC_WARN_UNDECLARED_SELECTOR = YES;
				GCC_WARN_UNINITIALIZED_AUTOS = YES_AGGRESSIVE;
				GCC_WARN_UNUSED_FUNCTION = YES;
				GCC_WARN_UNUSED_VARIABLE = YES;
				IPHONEOS_DEPLOYMENT_TARGET = 12.1;
				MTL_ENABLE_DEBUG_INFO = INCLUDE_SOURCE;
				MTL_FAST_MATH = YES;
				ONLY_ACTIVE_ARCH = YES;
				SDKROOT = iphoneos;
			};
			name = Debug;
		};
		F728987E21C4B57D00102694 /* Release */ = {
			isa = XCBuildConfiguration;
			buildSettings = {
				ALWAYS_SEARCH_USER_PATHS = NO;
				CLANG_ANALYZER_NONNULL = YES;
				CLANG_ANALYZER_NUMBER_OBJECT_CONVERSION = YES_AGGRESSIVE;
				CLANG_CXX_LANGUAGE_STANDARD = "gnu++14";
				CLANG_CXX_LIBRARY = "libc++";
				CLANG_ENABLE_MODULES = YES;
				CLANG_ENABLE_OBJC_ARC = YES;
				CLANG_ENABLE_OBJC_WEAK = YES;
				CLANG_WARN_BLOCK_CAPTURE_AUTORELEASING = YES;
				CLANG_WARN_BOOL_CONVERSION = YES;
				CLANG_WARN_COMMA = YES;
				CLANG_WARN_CONSTANT_CONVERSION = YES;
				CLANG_WARN_DEPRECATED_OBJC_IMPLEMENTATIONS = YES;
				CLANG_WARN_DIRECT_OBJC_ISA_USAGE = YES_ERROR;
				CLANG_WARN_DOCUMENTATION_COMMENTS = YES;
				CLANG_WARN_EMPTY_BODY = YES;
				CLANG_WARN_ENUM_CONVERSION = YES;
				CLANG_WARN_INFINITE_RECURSION = YES;
				CLANG_WARN_INT_CONVERSION = YES;
				CLANG_WARN_NON_LITERAL_NULL_CONVERSION = YES;
				CLANG_WARN_OBJC_IMPLICIT_RETAIN_SELF = YES;
				CLANG_WARN_OBJC_LITERAL_CONVERSION = YES;
				CLANG_WARN_OBJC_ROOT_CLASS = YES_ERROR;
				CLANG_WARN_RANGE_LOOP_ANALYSIS = YES;
				CLANG_WARN_STRICT_PROTOTYPES = YES;
				CLANG_WARN_SUSPICIOUS_MOVE = YES;
				CLANG_WARN_UNGUARDED_AVAILABILITY = YES_AGGRESSIVE;
				CLANG_WARN_UNREACHABLE_CODE = YES;
				CLANG_WARN__DUPLICATE_METHOD_MATCH = YES;
				CODE_SIGN_IDENTITY = "iPhone Developer";
				COPY_PHASE_STRIP = NO;
				DEBUG_INFORMATION_FORMAT = "dwarf-with-dsym";
				ENABLE_NS_ASSERTIONS = NO;
				ENABLE_STRICT_OBJC_MSGSEND = YES;
				GCC_C_LANGUAGE_STANDARD = gnu11;
				GCC_NO_COMMON_BLOCKS = YES;
				GCC_WARN_64_TO_32_BIT_CONVERSION = YES;
				GCC_WARN_ABOUT_RETURN_TYPE = YES_ERROR;
				GCC_WARN_UNDECLARED_SELECTOR = YES;
				GCC_WARN_UNINITIALIZED_AUTOS = YES_AGGRESSIVE;
				GCC_WARN_UNUSED_FUNCTION = YES;
				GCC_WARN_UNUSED_VARIABLE = YES;
				IPHONEOS_DEPLOYMENT_TARGET = 12.1;
				MTL_ENABLE_DEBUG_INFO = NO;
				MTL_FAST_MATH = YES;
				SDKROOT = iphoneos;
				VALIDATE_PRODUCT = YES;
			};
			name = Release;
		};
		F728988021C4B57D00102694 /* Debug */ = {
			isa = XCBuildConfiguration;
			baseConfigurationReference = 1334F2AA330340C098499090 /* Pods-MVPBase.debug.xcconfig */;
			buildSettings = {
				ASSETCATALOG_COMPILER_APPICON_NAME = AppIcon;
				CODE_SIGN_STYLE = Automatic;
				DEVELOPMENT_TEAM = KS5QTFAS57;
				GCC_PREFIX_HEADER = "$(SRCROOT)/$(PRODUCT_NAME)/SupportingFiles/Config/PrefixHeader.pch";
				INFOPLIST_FILE = "$(SRCROOT)/$(PRODUCT_NAME)/SupportingFiles/Info.plist";
				IPHONEOS_DEPLOYMENT_TARGET = 8.0;
				LD_RUNPATH_SEARCH_PATHS = (
					"$(inherited)",
					"@executable_path/Frameworks",
				);
				PRODUCT_BUNDLE_IDENTIFIER = cn.com.ShenYj.MVPBase;
				PRODUCT_NAME = "$(TARGET_NAME)";
				TARGETED_DEVICE_FAMILY = "1,2";
			};
			name = Debug;
		};
		F728988121C4B57D00102694 /* Release */ = {
			isa = XCBuildConfiguration;
			baseConfigurationReference = B302CBAFBA262E5251EFAC26 /* Pods-MVPBase.release.xcconfig */;
			buildSettings = {
				ASSETCATALOG_COMPILER_APPICON_NAME = AppIcon;
				CODE_SIGN_STYLE = Automatic;
				DEVELOPMENT_TEAM = KS5QTFAS57;
				GCC_PREFIX_HEADER = "$(SRCROOT)/$(PRODUCT_NAME)/SupportingFiles/Config/PrefixHeader.pch";
				INFOPLIST_FILE = "$(SRCROOT)/$(PRODUCT_NAME)/SupportingFiles/Info.plist";
				IPHONEOS_DEPLOYMENT_TARGET = 8.0;
				LD_RUNPATH_SEARCH_PATHS = (
					"$(inherited)",
					"@executable_path/Frameworks",
				);
				PRODUCT_BUNDLE_IDENTIFIER = cn.com.ShenYj.MVPBase;
				PRODUCT_NAME = "$(TARGET_NAME)";
				TARGETED_DEVICE_FAMILY = "1,2";
			};
			name = Release;
		};
		F728988321C4B57D00102694 /* Debug */ = {
			isa = XCBuildConfiguration;
			baseConfigurationReference = 49C0CF4EEAF318D06488400B /* Pods-MVPBaseTests.debug.xcconfig */;
			buildSettings = {
				BUNDLE_LOADER = "$(TEST_HOST)";
				CODE_SIGN_STYLE = Automatic;
				DEVELOPMENT_TEAM = KS5QTFAS57;
				INFOPLIST_FILE = MVPBaseTests/Info.plist;
				LD_RUNPATH_SEARCH_PATHS = (
					"$(inherited)",
					"@executable_path/Frameworks",
					"@loader_path/Frameworks",
				);
				PRODUCT_BUNDLE_IDENTIFIER = cn.com.ShenYj.MVPBaseTests;
				PRODUCT_NAME = "$(TARGET_NAME)";
				TARGETED_DEVICE_FAMILY = "1,2";
				TEST_HOST = "$(BUILT_PRODUCTS_DIR)/MVPBase.app/MVPBase";
			};
			name = Debug;
		};
		F728988421C4B57D00102694 /* Release */ = {
			isa = XCBuildConfiguration;
			baseConfigurationReference = E53BB8BF2F2840C30DD92590 /* Pods-MVPBaseTests.release.xcconfig */;
			buildSettings = {
				BUNDLE_LOADER = "$(TEST_HOST)";
				CODE_SIGN_STYLE = Automatic;
				DEVELOPMENT_TEAM = KS5QTFAS57;
				INFOPLIST_FILE = MVPBaseTests/Info.plist;
				LD_RUNPATH_SEARCH_PATHS = (
					"$(inherited)",
					"@executable_path/Frameworks",
					"@loader_path/Frameworks",
				);
				PRODUCT_BUNDLE_IDENTIFIER = cn.com.ShenYj.MVPBaseTests;
				PRODUCT_NAME = "$(TARGET_NAME)";
				TARGETED_DEVICE_FAMILY = "1,2";
				TEST_HOST = "$(BUILT_PRODUCTS_DIR)/MVPBase.app/MVPBase";
			};
			name = Release;
		};
		F728988621C4B57D00102694 /* Debug */ = {
			isa = XCBuildConfiguration;
			baseConfigurationReference = DFD6ECAC2518B73FA24DAB24 /* Pods-MVPBaseUITests.debug.xcconfig */;
			buildSettings = {
				CODE_SIGN_STYLE = Automatic;
				DEVELOPMENT_TEAM = KS5QTFAS57;
				INFOPLIST_FILE = MVPBaseUITests/Info.plist;
				LD_RUNPATH_SEARCH_PATHS = (
					"$(inherited)",
					"@executable_path/Frameworks",
					"@loader_path/Frameworks",
				);
				PRODUCT_BUNDLE_IDENTIFIER = cn.com.ShenYj.MVPBaseUITests;
				PRODUCT_NAME = "$(TARGET_NAME)";
				TARGETED_DEVICE_FAMILY = "1,2";
				TEST_TARGET_NAME = MVPBase;
			};
			name = Debug;
		};
		F728988721C4B57D00102694 /* Release */ = {
			isa = XCBuildConfiguration;
			baseConfigurationReference = ADAAC9A5BE28BB8B4F4B502A /* Pods-MVPBaseUITests.release.xcconfig */;
			buildSettings = {
				CODE_SIGN_STYLE = Automatic;
				DEVELOPMENT_TEAM = KS5QTFAS57;
				INFOPLIST_FILE = MVPBaseUITests/Info.plist;
				LD_RUNPATH_SEARCH_PATHS = (
					"$(inherited)",
					"@executable_path/Frameworks",
					"@loader_path/Frameworks",
				);
				PRODUCT_BUNDLE_IDENTIFIER = cn.com.ShenYj.MVPBaseUITests;
				PRODUCT_NAME = "$(TARGET_NAME)";
				TARGETED_DEVICE_FAMILY = "1,2";
				TEST_TARGET_NAME = MVPBase;
			};
			name = Release;
		};
/* End XCBuildConfiguration section */

/* Begin XCConfigurationList section */
		F728984E21C4B57B00102694 /* Build configuration list for PBXProject "MVPBase" */ = {
			isa = XCConfigurationList;
			buildConfigurations = (
				F728987D21C4B57D00102694 /* Debug */,
				F728987E21C4B57D00102694 /* Release */,
			);
			defaultConfigurationIsVisible = 0;
			defaultConfigurationName = Release;
		};
		F728987F21C4B57D00102694 /* Build configuration list for PBXNativeTarget "MVPBase" */ = {
			isa = XCConfigurationList;
			buildConfigurations = (
				F728988021C4B57D00102694 /* Debug */,
				F728988121C4B57D00102694 /* Release */,
			);
			defaultConfigurationIsVisible = 0;
			defaultConfigurationName = Release;
		};
		F728988221C4B57D00102694 /* Build configuration list for PBXNativeTarget "MVPBaseTests" */ = {
			isa = XCConfigurationList;
			buildConfigurations = (
				F728988321C4B57D00102694 /* Debug */,
				F728988421C4B57D00102694 /* Release */,
			);
			defaultConfigurationIsVisible = 0;
			defaultConfigurationName = Release;
		};
		F728988521C4B57D00102694 /* Build configuration list for PBXNativeTarget "MVPBaseUITests" */ = {
			isa = XCConfigurationList;
			buildConfigurations = (
				F728988621C4B57D00102694 /* Debug */,
				F728988721C4B57D00102694 /* Release */,
			);
			defaultConfigurationIsVisible = 0;
			defaultConfigurationName = Release;
		};
/* End XCConfigurationList section */
	};
	rootObject = F728984B21C4B57B00102694 /* Project object */;
}
